
Microsoft Visual Studio Solution File, Format Version 12.00
# Visual Studio 15
VisualStudioVersion = 15.0.28010.2036
MinimumVisualStudioVersion = 10.0.40219.1
Project("{8BC9CEB8-8B4A-11D0-8D11-00A0C91BC942}") = "Lab2", "Lab2\Lab2.vcxproj", "{1F25A92D-2C5A-4140-8460-22C1F2FC2E14}"
EndProject
Global
	GlobalSection(SolutionConfigurationPlatforms) = preSolution
		Debug|x64 = Debug|x64
		Debug|x86 = Debug|x86
		Release|x64 = Release|x64
		Release|x86 = Release|x86
	EndGlobalSection
	GlobalSection(ProjectConfigurationPlatforms) = postSolution
		{1F25A92D-2C5A-4140-8460-22C1F2FC2E14}.Debug|x64.ActiveCfg = Debug|x64
		{1F25A92D-2C5A-4140-8460-22C1F2FC2E14}.Debug|x64.Build.0 = Debug|x64
		{1F25A92D-2C5A-4140-8460-22C1F2FC2E14}.Debug|x86.ActiveCfg = Debug|Win32
		{1F25A92D-2C5A-4140-8460-22C1F2FC2E14}.Debug|x86.Build.0 = Debug|Win32
		{1F25A92D-2C5A-4140-8460-22C1F2FC2E14}.Release|x64.ActiveCfg = Release|x64
		{1F25A92D-2C5A-4140-8460-22C1F2FC2E14}.Release|x64.Build.0 = Release|x64
		{1F25A92D-2C5A-4140-8460-22C1F2FC2E14}.Release|x86.ActiveCfg = Release|Win32
		{1F25A92D-2C5A-4140-8460-22C1F2FC2E14}.Release|x86.Build.0 = Release|Win32
	EndGlobalSection
	GlobalSection(SolutionProperties) = preSolution
		HideSolutionNode = FALSE
	EndGlobalSection
	GlobalSection(ExtensibilityGlobals) = postSolution
		SolutionGuid = {2BA9860D-E7CC-47F8-B3AD-0A2C52DCB7A8}
	EndGlobalSection
EndGlobal
